
Microsoft Visual Studio Solution File, Format Version 12.00
# Visual Studio Version 16
VisualStudioVersion = 16.0.29409.185
MinimumVisualStudioVersion = 10.0.40219.1
Project("{9A19103F-16F7-4668-BE54-9A1E7A4F7556}") = "Microsoft.Csv", "Microsoft.Csv\Microsoft.Csv.csproj", "{94F65290-CCE6-44D4-9107-1DB8046DC625}"
EndProject
Project("{9A19103F-16F7-4668-BE54-9A1E7A4F7556}") = "Microsoft.Csv.Excel", "Microsoft.Csv.Excel\Microsoft.Csv.Excel.csproj", "{C245801A-88F8-415B-9D31-2123CF6B2DBD}"
EndProject
Project("{9A19103F-16F7-4668-BE54-9A1E7A4F7556}") = "Microsoft.DotnetOrg.GitHubCaching", "Microsoft.DotnetOrg.GitHubCaching\Microsoft.DotnetOrg.GitHubCaching.csproj", "{DA36972E-CBE7-4F5D-B0A1-00A98191039E}"
EndProject
Project("{9A19103F-16F7-4668-BE54-9A1E7A4F7556}") = "policop", "policop\policop.csproj", "{9A906FB6-F1DA-4789-9A1A-B5A0A45FA0A7}"
EndProject
Project("{9A19103F-16F7-4668-BE54-9A1E7A4F7556}") = "Microsoft.DotnetOrg.Ospo", "Microsoft.DotnetOrg.Ospo\Microsoft.DotnetOrg.Ospo.csproj", "{EFB69076-D1E6-4B48-B735-CE7FA2A71FE2}"
EndProject
Project("{9A19103F-16F7-4668-BE54-9A1E7A4F7556}") = "permaudit", "permaudit\permaudit.csproj", "{5D14F487-280C-4AEF-B277-C72204FFEF3E}"
EndProject
Project("{2150E333-8FDC-42A3-9474-1A3956D46DE8}") = "Solution Items", "Solution Items", "{BC72BAA5-6409-44D0-B0D8-846FB1952E75}"
	ProjectSection(SolutionItems) = preProject
		Directory.Build.props = Directory.Build.props
	EndProjectSection
EndProject
Project("{9A19103F-16F7-4668-BE54-9A1E7A4F7556}") = "Microsoft.DotnetOrg.Policies", "Microsoft.DotnetOrg.Policies\Microsoft.DotnetOrg.Policies.csproj", "{D9FC41ED-F8C9-409F-9036-28A7653E74FF}"
EndProject
Project("{FAE04EC0-301F-11D3-BF4B-00C04F79EFBC}") = "permimpact", "permimpact\permimpact.csproj", "{E90A8A01-0367-4F02-B600-A04406666E98}"
EndProject
Global
	GlobalSection(SolutionConfigurationPlatforms) = preSolution
		Debug|Any CPU = Debug|Any CPU
		Release|Any CPU = Release|Any CPU
	EndGlobalSection
	GlobalSection(ProjectConfigurationPlatforms) = postSolution
		{94F65290-CCE6-44D4-9107-1DB8046DC625}.Debug|Any CPU.ActiveCfg = Debug|Any CPU
		{94F65290-CCE6-44D4-9107-1DB8046DC625}.Debug|Any CPU.Build.0 = Debug|Any CPU
		{94F65290-CCE6-44D4-9107-1DB8046DC625}.Release|Any CPU.ActiveCfg = Release|Any CPU
		{94F65290-CCE6-44D4-9107-1DB8046DC625}.Release|Any CPU.Build.0 = Release|Any CPU
		{C245801A-88F8-415B-9D31-2123CF6B2DBD}.Debug|Any CPU.ActiveCfg = Debug|Any CPU
		{C245801A-88F8-415B-9D31-2123CF6B2DBD}.Debug|Any CPU.Build.0 = Debug|Any CPU
		{C245801A-88F8-415B-9D31-2123CF6B2DBD}.Release|Any CPU.ActiveCfg = Release|Any CPU
		{C245801A-88F8-415B-9D31-2123CF6B2DBD}.Release|Any CPU.Build.0 = Release|Any CPU
		{DA36972E-CBE7-4F5D-B0A1-00A98191039E}.Debug|Any CPU.ActiveCfg = Debug|Any CPU
		{DA36972E-CBE7-4F5D-B0A1-00A98191039E}.Debug|Any CPU.Build.0 = Debug|Any CPU
		{DA36972E-CBE7-4F5D-B0A1-00A98191039E}.Release|Any CPU.ActiveCfg = Release|Any CPU
		{DA36972E-CBE7-4F5D-B0A1-00A98191039E}.Release|Any CPU.Build.0 = Release|Any CPU
		{9A906FB6-F1DA-4789-9A1A-B5A0A45FA0A7}.Debug|Any CPU.ActiveCfg = Debug|Any CPU
		{9A906FB6-F1DA-4789-9A1A-B5A0A45FA0A7}.Debug|Any CPU.Build.0 = Debug|Any CPU
		{9A906FB6-F1DA-4789-9A1A-B5A0A45FA0A7}.Release|Any CPU.ActiveCfg = Release|Any CPU
		{9A906FB6-F1DA-4789-9A1A-B5A0A45FA0A7}.Release|Any CPU.Build.0 = Release|Any CPU
		{EFB69076-D1E6-4B48-B735-CE7FA2A71FE2}.Debug|Any CPU.ActiveCfg = Debug|Any CPU
		{EFB69076-D1E6-4B48-B735-CE7FA2A71FE2}.Debug|Any CPU.Build.0 = Debug|Any CPU
		{EFB69076-D1E6-4B48-B735-CE7FA2A71FE2}.Release|Any CPU.ActiveCfg = Release|Any CPU
		{EFB69076-D1E6-4B48-B735-CE7FA2A71FE2}.Release|Any CPU.Build.0 = Release|Any CPU
		{5D14F487-280C-4AEF-B277-C72204FFEF3E}.Debug|Any CPU.ActiveCfg = Debug|Any CPU
		{5D14F487-280C-4AEF-B277-C72204FFEF3E}.Debug|Any CPU.Build.0 = Debug|Any CPU
		{5D14F487-280C-4AEF-B277-C72204FFEF3E}.Release|Any CPU.ActiveCfg = Release|Any CPU
		{5D14F487-280C-4AEF-B277-C72204FFEF3E}.Release|Any CPU.Build.0 = Release|Any CPU
		{D9FC41ED-F8C9-409F-9036-28A7653E74FF}.Debug|Any CPU.ActiveCfg = Debug|Any CPU
		{D9FC41ED-F8C9-409F-9036-28A7653E74FF}.Debug|Any CPU.Build.0 = Debug|Any CPU
		{D9FC41ED-F8C9-409F-9036-28A7653E74FF}.Release|Any CPU.ActiveCfg = Release|Any CPU
		{D9FC41ED-F8C9-409F-9036-28A7653E74FF}.Release|Any CPU.Build.0 = Release|Any CPU
		{E90A8A01-0367-4F02-B600-A04406666E98}.Debug|Any CPU.ActiveCfg = Debug|Any CPU
		{E90A8A01-0367-4F02-B600-A04406666E98}.Debug|Any CPU.Build.0 = Debug|Any CPU
		{E90A8A01-0367-4F02-B600-A04406666E98}.Release|Any CPU.ActiveCfg = Release|Any CPU
		{E90A8A01-0367-4F02-B600-A04406666E98}.Release|Any CPU.Build.0 = Release|Any CPU
	EndGlobalSection
	GlobalSection(SolutionProperties) = preSolution
		HideSolutionNode = FALSE
	EndGlobalSection
	GlobalSection(ExtensibilityGlobals) = postSolution
		SolutionGuid = {22574CCF-2C7C-482F-BD83-6324ACDFD3E4}
	EndGlobalSection
EndGlobal
